
Microsoft Visual Studio Solution File, Format Version 12.00
# Visual Studio Version 16
VisualStudioVersion = 16.0.30011.22
MinimumVisualStudioVersion = 10.0.40219.1
Project("{00D1A9C2-B5F0-4AF3-8072-F6C62B433612}") = "Inspection.Database", "Inspection.Database\Inspection.Database.sqlproj", "{37BD3C2B-D8EC-4B72-9E70-5192B66E76B9}"
EndProject
Global
	GlobalSection(SolutionConfigurationPlatforms) = preSolution
		Debug|Any CPU = Debug|Any CPU
		Release|Any CPU = Release|Any CPU
	EndGlobalSection
	GlobalSection(ProjectConfigurationPlatforms) = postSolution
		{37BD3C2B-D8EC-4B72-9E70-5192B66E76B9}.Debug|Any CPU.ActiveCfg = Debug|Any CPU
		{37BD3C2B-D8EC-4B72-9E70-5192B66E76B9}.Debug|Any CPU.Build.0 = Debug|Any CPU
		{37BD3C2B-D8EC-4B72-9E70-5192B66E76B9}.Debug|Any CPU.Deploy.0 = Debug|Any CPU
		{37BD3C2B-D8EC-4B72-9E70-5192B66E76B9}.Release|Any CPU.ActiveCfg = Release|Any CPU
		{37BD3C2B-D8EC-4B72-9E70-5192B66E76B9}.Release|Any CPU.Build.0 = Release|Any CPU
		{37BD3C2B-D8EC-4B72-9E70-5192B66E76B9}.Release|Any CPU.Deploy.0 = Release|Any CPU
	EndGlobalSection
	GlobalSection(SolutionProperties) = preSolution
		HideSolutionNode = FALSE
	EndGlobalSection
	GlobalSection(ExtensibilityGlobals) = postSolution
		SolutionGuid = {164B6113-482E-4168-9F83-B3F8EA2BB9BA}
	EndGlobalSection
EndGlobal
